{
    "_readme": [
        "This file locks the dependencies of your project to a known state",
        "Read more about it at https://getcomposer.org/doc/01-basic-usage.md#installing-dependencies",
        "This file is @generated automatically"
    ],
    "content-hash": "f50ada3c723a87ba4e88fee107645170",
    "packages": [
        {
            "name": "chriskacerguis/codeigniter-restserver",
            "version": "3.0.3",
            "source": {
                "type": "git",
                "url": "https://github.com/chriskacerguis/codeigniter-restserver.git",
                "reference": "3a5ba0dffdebd24cc215ef714b72208c88304203"
            },
            "dist": {
                "type": "zip",
                "url": "https://api.github.com/repos/chriskacerguis/codeigniter-restserver/zipball/3a5ba0dffdebd24cc215ef714b72208c88304203",
                "reference": "3a5ba0dffdebd24cc215ef714b72208c88304203",
                "shasum": ""
            },
            "require": {
                "codeigniter/framework": "^3.0.4",
                "php": ">=5.4.0"
            },
            "type": "library",
            "autoload": {
                "classmap": [
                    "application/libraries/Format.php",
                    "application/libraries/REST_Controller.php"
                ]
            },
            "notification-url": "https://packagist.org/downloads/",
            "license": [
                "MIT"
            ],
            "authors": [
                {
                    "name": "Chris Kacerguis",
                    "role": "Developer"
                }
            ],
            "description": "REST Server for the CodeIgniter framework",
            "homepage": "https://github.com/chriskacerguis/codeigniter-restserver",
            "time": "2017-09-23T16:44:55+00:00"
        },
        {
            "name": "codeigniter/framework",
            "version": "3.1.10",
            "source": {
                "type": "git",
                "url": "https://github.com/bcit-ci/CodeIgniter.git",
                "reference": "c576995304fc3609cca0b7b92d1b2cd611ec82f5"
            },
            "dist": {
                "type": "zip",
                "url": "https://api.github.com/repos/bcit-ci/CodeIgniter/zipball/c576995304fc3609cca0b7b92d1b2cd611ec82f5",
                "reference": "c576995304fc3609cca0b7b92d1b2cd611ec82f5",
                "shasum": ""
            },
            "require": {
                "php": ">=5.3.7"
            },
            "require-dev": {
                "mikey179/vfsstream": "1.1.*",
                "phpunit/phpunit": "4.* || 5.*"
            },
            "suggest": {
                "paragonie/random_compat": "Provides better randomness in PHP 5.x"
            },
            "type": "project",
            "notification-url": "https://packagist.org/downloads/",
            "license": [
                "MIT"
            ],
            "description": "The CodeIgniter framework",
            "homepage": "https://codeigniter.com",
            "time": "2019-01-16T15:49:35+00:00"
        },
        {
            "name": "firebase/php-jwt",
            "version": "v5.0.0",
            "source": {
                "type": "git",
                "url": "https://github.com/firebase/php-jwt.git",
                "reference": "9984a4d3a32ae7673d6971ea00bae9d0a1abba0e"
            },
            "dist": {
                "type": "zip",
                "url": "https://api.github.com/repos/firebase/php-jwt/zipball/9984a4d3a32ae7673d6971ea00bae9d0a1abba0e",
                "reference": "9984a4d3a32ae7673d6971ea00bae9d0a1abba0e",
                "shasum": ""
            },
            "require": {
                "php": ">=5.3.0"
            },
            "require-dev": {
                "phpunit/phpunit": " 4.8.35"
            },
            "type": "library",
            "autoload": {
                "psr-4": {
                    "Firebase\\JWT\\": "src"
                }
            },
            "notification-url": "https://packagist.org/downloads/",
            "license": [
                "BSD-3-Clause"
            ],
            "authors": [
                {
                    "name": "Neuman Vong",
                    "email": "neuman+pear@twilio.com",
                    "role": "Developer"
                },
                {
                    "name": "Anant Narayanan",
                    "email": "anant@php.net",
                    "role": "Developer"
                }
            ],
            "description": "A simple library to encode and decode JSON Web Tokens (JWT) in PHP. Should conform to the current spec.",
            "homepage": "https://github.com/firebase/php-jwt",
            "time": "2017-06-27T22:17:23+00:00"
        }
    ],
    "packages-dev": [],
    "aliases": [],
    "minimum-stability": "stable",
    "stability-flags": [],
    "prefer-stable": false,
    "prefer-lowest": false,
    "platform": [],
    "platform-dev": []
}
